
Microsoft Visual Studio Solution File, Format Version 12.00
# Visual Studio Version 17
VisualStudioVersion = 17.2.32630.192
MinimumVisualStudioVersion = 10.0.40219.1
Project("{FAE04EC0-301F-11D3-BF4B-00C04F79EFBC}") = "OS_LAB3", "OS_LAB3.csproj", "{607850B4-92D9-45DD-A7B2-3B11ED587CDC}"
EndProject
Global
	GlobalSection(SolutionConfigurationPlatforms) = preSolution
		Debug|Any CPU = Debug|Any CPU
		Release|Any CPU = Release|Any CPU
	EndGlobalSection
	GlobalSection(ProjectConfigurationPlatforms) = postSolution
		{607850B4-92D9-45DD-A7B2-3B11ED587CDC}.Debug|Any CPU.ActiveCfg = Debug|Any CPU
		{607850B4-92D9-45DD-A7B2-3B11ED587CDC}.Debug|Any CPU.Build.0 = Debug|Any CPU
		{607850B4-92D9-45DD-A7B2-3B11ED587CDC}.Release|Any CPU.ActiveCfg = Release|Any CPU
		{607850B4-92D9-45DD-A7B2-3B11ED587CDC}.Release|Any CPU.Build.0 = Release|Any CPU
	EndGlobalSection
	GlobalSection(SolutionProperties) = preSolution
		HideSolutionNode = FALSE
	EndGlobalSection
	GlobalSection(ExtensibilityGlobals) = postSolution
		SolutionGuid = {5AE52666-CCD9-4423-8524-69EA98FDBCB5}
	EndGlobalSection
EndGlobal
